
Microsoft Visual Studio Solution File, Format Version 12.00
# Visual Studio 15
VisualStudioVersion = 15.0.28307.329
MinimumVisualStudioVersion = 10.0.40219.1
Project("{FAE04EC0-301F-11D3-BF4B-00C04F79EFBC}") = "Asp.NETMVCCRUD", "Asp.NETMVCCRUD\Asp.NETMVCCRUD.csproj", "{2EA206A6-721C-4311-BA5F-8EC5E139CFCA}"
EndProject
Global
	GlobalSection(SolutionConfigurationPlatforms) = preSolution
		Debug|Any CPU = Debug|Any CPU
		Release|Any CPU = Release|Any CPU
	EndGlobalSection
	GlobalSection(ProjectConfigurationPlatforms) = postSolution
		{2EA206A6-721C-4311-BA5F-8EC5E139CFCA}.Debug|Any CPU.ActiveCfg = Debug|Any CPU
		{2EA206A6-721C-4311-BA5F-8EC5E139CFCA}.Debug|Any CPU.Build.0 = Debug|Any CPU
		{2EA206A6-721C-4311-BA5F-8EC5E139CFCA}.Release|Any CPU.ActiveCfg = Release|Any CPU
		{2EA206A6-721C-4311-BA5F-8EC5E139CFCA}.Release|Any CPU.Build.0 = Release|Any CPU
	EndGlobalSection
	GlobalSection(SolutionProperties) = preSolution
		HideSolutionNode = FALSE
	EndGlobalSection
	GlobalSection(ExtensibilityGlobals) = postSolution
		SolutionGuid = {57B090FC-8374-4EC7-8555-1C50D40090E0}
	EndGlobalSection
EndGlobal
